
Microsoft Visual Studio Solution File, Format Version 12.00
# Visual Studio Version 16
VisualStudioVersion = 16.0.31129.286
MinimumVisualStudioVersion = 10.0.40219.1
Project("{9A19103F-16F7-4668-BE54-9A1E7A4F7556}") = "ShopOnline.BAL", "ShopOnline.BAL\ShopOnline.BAL.csproj", "{CFD7841A-0A20-45DC-AF01-03D2401A1FE9}"
EndProject
Project("{9A19103F-16F7-4668-BE54-9A1E7A4F7556}") = "ShopOnline.Model", "ShopOnline.Model\ShopOnline.Model.csproj", "{17AB4713-56BA-412E-805B-1AB22ACD6086}"
EndProject
Project("{9A19103F-16F7-4668-BE54-9A1E7A4F7556}") = "ShopOnline.WebApp", "ShopOnline.WebApp\ShopOnline.WebApp.csproj", "{D1C48D19-750D-4870-84C3-60533FADE50B}"
EndProject
Global
	GlobalSection(SolutionConfigurationPlatforms) = preSolution
		Debug|Any CPU = Debug|Any CPU
		Release|Any CPU = Release|Any CPU
	EndGlobalSection
	GlobalSection(ProjectConfigurationPlatforms) = postSolution
		{CFD7841A-0A20-45DC-AF01-03D2401A1FE9}.Debug|Any CPU.ActiveCfg = Debug|Any CPU
		{CFD7841A-0A20-45DC-AF01-03D2401A1FE9}.Debug|Any CPU.Build.0 = Debug|Any CPU
		{CFD7841A-0A20-45DC-AF01-03D2401A1FE9}.Release|Any CPU.ActiveCfg = Release|Any CPU
		{CFD7841A-0A20-45DC-AF01-03D2401A1FE9}.Release|Any CPU.Build.0 = Release|Any CPU
		{17AB4713-56BA-412E-805B-1AB22ACD6086}.Debug|Any CPU.ActiveCfg = Debug|Any CPU
		{17AB4713-56BA-412E-805B-1AB22ACD6086}.Debug|Any CPU.Build.0 = Debug|Any CPU
		{17AB4713-56BA-412E-805B-1AB22ACD6086}.Release|Any CPU.ActiveCfg = Release|Any CPU
		{17AB4713-56BA-412E-805B-1AB22ACD6086}.Release|Any CPU.Build.0 = Release|Any CPU
		{D1C48D19-750D-4870-84C3-60533FADE50B}.Debug|Any CPU.ActiveCfg = Debug|Any CPU
		{D1C48D19-750D-4870-84C3-60533FADE50B}.Debug|Any CPU.Build.0 = Debug|Any CPU
		{D1C48D19-750D-4870-84C3-60533FADE50B}.Release|Any CPU.ActiveCfg = Release|Any CPU
		{D1C48D19-750D-4870-84C3-60533FADE50B}.Release|Any CPU.Build.0 = Release|Any CPU
	EndGlobalSection
	GlobalSection(SolutionProperties) = preSolution
		HideSolutionNode = FALSE
	EndGlobalSection
	GlobalSection(ExtensibilityGlobals) = postSolution
		SolutionGuid = {9110B464-FB8F-4098-A525-C57E87A8077E}
	EndGlobalSection
EndGlobal
