
Microsoft Visual Studio Solution File, Format Version 12.00
# Visual Studio Version 16
VisualStudioVersion = 16.0.31129.286
MinimumVisualStudioVersion = 10.0.40219.1
Project("{9A19103F-16F7-4668-BE54-9A1E7A4F7556}") = "ProductService.Catalog", "ProductService.Catalog\ProductService.Catalog.csproj", "{D6B2D10E-7A09-4E3D-ABA7-B30D1CF7AFED}"
EndProject
Project("{9A19103F-16F7-4668-BE54-9A1E7A4F7556}") = "ProductService.DataAccess", "ProductService.DataAccess\ProductService.DataAccess.csproj", "{4C7FC382-A352-455D-AA5C-B405AD15047A}"
EndProject
Project("{9A19103F-16F7-4668-BE54-9A1E7A4F7556}") = "ProductService.Model", "ProductService.Model\ProductService.Model.csproj", "{48E3CD38-CEB9-44DF-BABA-53E214B27DD6}"
EndProject
Project("{2150E333-8FDC-42A3-9474-1A3956D46DE8}") = "Solution Items", "Solution Items", "{CAFD38BD-07BA-494C-A8B8-C103AAF39AE9}"
	ProjectSection(SolutionItems) = preProject
		nuget.config = nuget.config
	EndProjectSection
EndProject
Global
	GlobalSection(SolutionConfigurationPlatforms) = preSolution
		Debug|Any CPU = Debug|Any CPU
		Release|Any CPU = Release|Any CPU
	EndGlobalSection
	GlobalSection(ProjectConfigurationPlatforms) = postSolution
		{D6B2D10E-7A09-4E3D-ABA7-B30D1CF7AFED}.Debug|Any CPU.ActiveCfg = Debug|Any CPU
		{D6B2D10E-7A09-4E3D-ABA7-B30D1CF7AFED}.Debug|Any CPU.Build.0 = Debug|Any CPU
		{D6B2D10E-7A09-4E3D-ABA7-B30D1CF7AFED}.Release|Any CPU.ActiveCfg = Release|Any CPU
		{D6B2D10E-7A09-4E3D-ABA7-B30D1CF7AFED}.Release|Any CPU.Build.0 = Release|Any CPU
		{4C7FC382-A352-455D-AA5C-B405AD15047A}.Debug|Any CPU.ActiveCfg = Debug|Any CPU
		{4C7FC382-A352-455D-AA5C-B405AD15047A}.Debug|Any CPU.Build.0 = Debug|Any CPU
		{4C7FC382-A352-455D-AA5C-B405AD15047A}.Release|Any CPU.ActiveCfg = Release|Any CPU
		{4C7FC382-A352-455D-AA5C-B405AD15047A}.Release|Any CPU.Build.0 = Release|Any CPU
		{48E3CD38-CEB9-44DF-BABA-53E214B27DD6}.Debug|Any CPU.ActiveCfg = Debug|Any CPU
		{48E3CD38-CEB9-44DF-BABA-53E214B27DD6}.Debug|Any CPU.Build.0 = Debug|Any CPU
		{48E3CD38-CEB9-44DF-BABA-53E214B27DD6}.Release|Any CPU.ActiveCfg = Release|Any CPU
		{48E3CD38-CEB9-44DF-BABA-53E214B27DD6}.Release|Any CPU.Build.0 = Release|Any CPU
	EndGlobalSection
	GlobalSection(SolutionProperties) = preSolution
		HideSolutionNode = FALSE
	EndGlobalSection
	GlobalSection(ExtensibilityGlobals) = postSolution
		SolutionGuid = {20E65AF1-71D2-4AF5-ADAF-319C34E00B10}
	EndGlobalSection
EndGlobal
